
Microsoft Visual Studio Solution File, Format Version 12.00
# Visual Studio Version 16
VisualStudioVersion = 16.0.30621.155
MinimumVisualStudioVersion = 10.0.40219.1
Project("{FAE04EC0-301F-11D3-BF4B-00C04F79EFBC}") = "SampleWebAppTKAzureProject", "SampleWebAppTKAzureProject\SampleWebAppTKAzureProject.csproj", "{D3066720-05E0-4E76-B50A-390FF1058B0B}"
EndProject
Global
	GlobalSection(SolutionConfigurationPlatforms) = preSolution
		Debug|Any CPU = Debug|Any CPU
		Release|Any CPU = Release|Any CPU
	EndGlobalSection
	GlobalSection(ProjectConfigurationPlatforms) = postSolution
		{D3066720-05E0-4E76-B50A-390FF1058B0B}.Debug|Any CPU.ActiveCfg = Debug|Any CPU
		{D3066720-05E0-4E76-B50A-390FF1058B0B}.Debug|Any CPU.Build.0 = Debug|Any CPU
		{D3066720-05E0-4E76-B50A-390FF1058B0B}.Release|Any CPU.ActiveCfg = Release|Any CPU
		{D3066720-05E0-4E76-B50A-390FF1058B0B}.Release|Any CPU.Build.0 = Release|Any CPU
	EndGlobalSection
	GlobalSection(SolutionProperties) = preSolution
		HideSolutionNode = FALSE
	EndGlobalSection
	GlobalSection(ExtensibilityGlobals) = postSolution
		SolutionGuid = {AC9F530D-F9CD-48FD-9D2A-EAD25FC2F548}
	EndGlobalSection
EndGlobal
